// !$*UTF8*$!
{
	archiveVersion = 1;
	classes = {
	};
	objectVersion = 55;
	objects = {

/* Begin PBXBuildFile section */
		8114892A276CA19A00667D49 /* AppDelegate.swift in Sources */ = {isa = PBXBuildFile; fileRef = 81148929276CA19A00667D49 /* AppDelegate.swift */; };
		8114892C276CA19A00667D49 /* SceneDelegate.swift in Sources */ = {isa = PBXBuildFile; fileRef = 8114892B276CA19A00667D49 /* SceneDelegate.swift */; };
		8114892E276CA19A00667D49 /* CompanyListViewController.swift in Sources */ = {isa = PBXBuildFile; fileRef = 8114892D276CA19A00667D49 /* CompanyListViewController.swift */; };
		81148933276CA19B00667D49 /* Assets.xcassets in Resources */ = {isa = PBXBuildFile; fileRef = 81148932276CA19B00667D49 /* Assets.xcassets */; };
		81148936276CA19B00667D49 /* LaunchScreen.storyboard in Resources */ = {isa = PBXBuildFile; fileRef = 81148934276CA19B00667D49 /* LaunchScreen.storyboard */; };
		81148942276CA97900667D49 /* CompanyListScreenAssembly.swift in Sources */ = {isa = PBXBuildFile; fileRef = 81148941276CA97900667D49 /* CompanyListScreenAssembly.swift */; };
		81148944276CAAF700667D49 /* CompanyListScreenPresenter.swift in Sources */ = {isa = PBXBuildFile; fileRef = 81148943276CAAF700667D49 /* CompanyListScreenPresenter.swift */; };
		81148947276CAD0C00667D49 /* DataManager.swift in Sources */ = {isa = PBXBuildFile; fileRef = 81148946276CAD0C00667D49 /* DataManager.swift */; };
		81148949276CB01F00667D49 /* CompanyListView.swift in Sources */ = {isa = PBXBuildFile; fileRef = 81148948276CB01F00667D49 /* CompanyListView.swift */; };
/* End PBXBuildFile section */

/* Begin PBXFileReference section */
		81148926276CA19A00667D49 /* CompaniesEmployees.app */ = {isa = PBXFileReference; explicitFileType = wrapper.application; includeInIndex = 0; path = CompaniesEmployees.app; sourceTree = BUILT_PRODUCTS_DIR; };
		81148929276CA19A00667D49 /* AppDelegate.swift */ = {isa = PBXFileReference; lastKnownFileType = sourcecode.swift; path = AppDelegate.swift; sourceTree = "<group>"; };
		8114892B276CA19A00667D49 /* SceneDelegate.swift */ = {isa = PBXFileReference; lastKnownFileType = sourcecode.swift; path = SceneDelegate.swift; sourceTree = "<group>"; };
		8114892D276CA19A00667D49 /* CompanyListViewController.swift */ = {isa = PBXFileReference; lastKnownFileType = sourcecode.swift; path = CompanyListViewController.swift; sourceTree = "<group>"; };
		81148932276CA19B00667D49 /* Assets.xcassets */ = {isa = PBXFileReference; lastKnownFileType = folder.assetcatalog; path = Assets.xcassets; sourceTree = "<group>"; };
		81148935276CA19B00667D49 /* Base */ = {isa = PBXFileReference; lastKnownFileType = file.storyboard; name = Base; path = Base.lproj/LaunchScreen.storyboard; sourceTree = "<group>"; };
		81148937276CA19B00667D49 /* Info.plist */ = {isa = PBXFileReference; lastKnownFileType = text.plist.xml; path = Info.plist; sourceTree = "<group>"; };
		81148941276CA97900667D49 /* CompanyListScreenAssembly.swift */ = {isa = PBXFileReference; lastKnownFileType = sourcecode.swift; path = CompanyListScreenAssembly.swift; sourceTree = "<group>"; };
		81148943276CAAF700667D49 /* CompanyListScreenPresenter.swift */ = {isa = PBXFileReference; lastKnownFileType = sourcecode.swift; path = CompanyListScreenPresenter.swift; sourceTree = "<group>"; };
		81148946276CAD0C00667D49 /* DataManager.swift */ = {isa = PBXFileReference; lastKnownFileType = sourcecode.swift; path = DataManager.swift; sourceTree = "<group>"; };
		81148948276CB01F00667D49 /* CompanyListView.swift */ = {isa = PBXFileReference; lastKnownFileType = sourcecode.swift; path = CompanyListView.swift; sourceTree = "<group>"; };
/* End PBXFileReference section */

/* Begin PBXFrameworksBuildPhase section */
		81148923276CA19A00667D49 /* Frameworks */ = {
			isa = PBXFrameworksBuildPhase;
			buildActionMask = 2147483647;
			files = (
			);
			runOnlyForDeploymentPostprocessing = 0;
		};
/* End PBXFrameworksBuildPhase section */

/* Begin PBXGroup section */
		8114891D276CA19A00667D49 = {
			isa = PBXGroup;
			children = (
				81148928276CA19A00667D49 /* CompaniesEmployees */,
				81148927276CA19A00667D49 /* Products */,
			);
			sourceTree = "<group>";
		};
		81148927276CA19A00667D49 /* Products */ = {
			isa = PBXGroup;
			children = (
				81148926276CA19A00667D49 /* CompaniesEmployees.app */,
			);
			name = Products;
			sourceTree = "<group>";
		};
		81148928276CA19A00667D49 /* CompaniesEmployees */ = {
			isa = PBXGroup;
			children = (
				81148970276CBF6C00667D49 /* Models */,
				81148945276CACCF00667D49 /* Services */,
				81148940276CA94600667D49 /* CompanyListScreen */,
				8114893D276CA68500667D49 /* Supports */,
				8114893E276CA69700667D49 /* Resources */,
				8114893F276CA6A100667D49 /* Storyboards */,
			);
			path = CompaniesEmployees;
			sourceTree = "<group>";
		};
		8114893D276CA68500667D49 /* Supports */ = {
			isa = PBXGroup;
			children = (
				81148929276CA19A00667D49 /* AppDelegate.swift */,
				8114892B276CA19A00667D49 /* SceneDelegate.swift */,
				81148937276CA19B00667D49 /* Info.plist */,
			);
			path = Supports;
			sourceTree = "<group>";
		};
		8114893E276CA69700667D49 /* Resources */ = {
			isa = PBXGroup;
			children = (
				81148932276CA19B00667D49 /* Assets.xcassets */,
			);
			path = Resources;
			sourceTree = "<group>";
		};
		8114893F276CA6A100667D49 /* Storyboards */ = {
			isa = PBXGroup;
			children = (
				81148934276CA19B00667D49 /* LaunchScreen.storyboard */,
			);
			path = Storyboards;
			sourceTree = "<group>";
		};
		81148940276CA94600667D49 /* CompanyListScreen */ = {
			isa = PBXGroup;
			children = (
				8114892D276CA19A00667D49 /* CompanyListViewController.swift */,
				81148941276CA97900667D49 /* CompanyListScreenAssembly.swift */,
				81148943276CAAF700667D49 /* CompanyListScreenPresenter.swift */,
				81148948276CB01F00667D49 /* CompanyListView.swift */,
			);
			path = CompanyListScreen;
			sourceTree = "<group>";
		};
		81148945276CACCF00667D49 /* Services */ = {
			isa = PBXGroup;
			children = (
				81148946276CAD0C00667D49 /* DataManager.swift */,
			);
			path = Services;
			sourceTree = "<group>";
		};
		81148970276CBF6C00667D49 /* Models */ = {
			isa = PBXGroup;
			children = (
			);
			path = Models;
			sourceTree = "<group>";
		};
/* End PBXGroup section */

/* Begin PBXNativeTarget section */
		81148925276CA19A00667D49 /* CompaniesEmployees */ = {
			isa = PBXNativeTarget;
			buildConfigurationList = 8114893A276CA19B00667D49 /* Build configuration list for PBXNativeTarget "CompaniesEmployees" */;
			buildPhases = (
				81148922276CA19A00667D49 /* Sources */,
				81148923276CA19A00667D49 /* Frameworks */,
				81148924276CA19A00667D49 /* Resources */,
			);
			buildRules = (
			);
			dependencies = (
			);
			name = CompaniesEmployees;
			productName = CompaniesEmployees;
			productReference = 81148926276CA19A00667D49 /* CompaniesEmployees.app */;
			productType = "com.apple.product-type.application";
		};
/* End PBXNativeTarget section */

/* Begin PBXProject section */
		8114891E276CA19A00667D49 /* Project object */ = {
			isa = PBXProject;
			attributes = {
				BuildIndependentTargetsInParallel = 1;
				LastSwiftUpdateCheck = 1310;
				LastUpgradeCheck = 1310;
				TargetAttributes = {
					81148925276CA19A00667D49 = {
						CreatedOnToolsVersion = 13.1;
					};
				};
			};
			buildConfigurationList = 81148921276CA19A00667D49 /* Build configuration list for PBXProject "CompaniesEmployees" */;
			compatibilityVersion = "Xcode 13.0";
			developmentRegion = en;
			hasScannedForEncodings = 0;
			knownRegions = (
				en,
				Base,
			);
			mainGroup = 8114891D276CA19A00667D49;
			productRefGroup = 81148927276CA19A00667D49 /* Products */;
			projectDirPath = "";
			projectRoot = "";
			targets = (
				81148925276CA19A00667D49 /* CompaniesEmployees */,
			);
		};
/* End PBXProject section */

/* Begin PBXResourcesBuildPhase section */
		81148924276CA19A00667D49 /* Resources */ = {
			isa = PBXResourcesBuildPhase;
			buildActionMask = 2147483647;
			files = (
				81148936276CA19B00667D49 /* LaunchScreen.storyboard in Resources */,
				81148933276CA19B00667D49 /* Assets.xcassets in Resources */,
			);
			runOnlyForDeploymentPostprocessing = 0;
		};
/* End PBXResourcesBuildPhase section */

/* Begin PBXSourcesBuildPhase section */
		81148922276CA19A00667D49 /* Sources */ = {
			isa = PBXSourcesBuildPhase;
			buildActionMask = 2147483647;
			files = (
				8114892E276CA19A00667D49 /* CompanyListViewController.swift in Sources */,
				81148947276CAD0C00667D49 /* DataManager.swift in Sources */,
				81148949276CB01F00667D49 /* CompanyListView.swift in Sources */,
				81148942276CA97900667D49 /* CompanyListScreenAssembly.swift in Sources */,
				8114892A276CA19A00667D49 /* AppDelegate.swift in Sources */,
				81148944276CAAF700667D49 /* CompanyListScreenPresenter.swift in Sources */,
				8114892C276CA19A00667D49 /* SceneDelegate.swift in Sources */,
			);
			runOnlyForDeploymentPostprocessing = 0;
		};
/* End PBXSourcesBuildPhase section */

/* Begin PBXVariantGroup section */
		81148934276CA19B00667D49 /* LaunchScreen.storyboard */ = {
			isa = PBXVariantGroup;
			children = (
				81148935276CA19B00667D49 /* Base */,
			);
			name = LaunchScreen.storyboard;
			sourceTree = "<group>";
		};
/* End PBXVariantGroup section */

/* Begin XCBuildConfiguration section */
		81148938276CA19B00667D49 /* Debug */ = {
			isa = XCBuildConfiguration;
			buildSettings = {
				ALWAYS_SEARCH_USER_PATHS = NO;
				CLANG_ANALYZER_NONNULL = YES;
				CLANG_ANALYZER_NUMBER_OBJECT_CONVERSION = YES_AGGRESSIVE;
				CLANG_CXX_LANGUAGE_STANDARD = "gnu++17";
				CLANG_CXX_LIBRARY = "libc++";
				CLANG_ENABLE_MODULES = YES;
				CLANG_ENABLE_OBJC_ARC = YES;
				CLANG_ENABLE_OBJC_WEAK = YES;
				CLANG_WARN_BLOCK_CAPTURE_AUTORELEASING = YES;
				CLANG_WARN_BOOL_CONVERSION = YES;
				CLANG_WARN_COMMA = YES;
				CLANG_WARN_CONSTANT_CONVERSION = YES;
				CLANG_WARN_DEPRECATED_OBJC_IMPLEMENTATIONS = YES;
				CLANG_WARN_DIRECT_OBJC_ISA_USAGE = YES_ERROR;
				CLANG_WARN_DOCUMENTATION_COMMENTS = YES;
				CLANG_WARN_EMPTY_BODY = YES;
				CLANG_WARN_ENUM_CONVERSION = YES;
				CLANG_WARN_INFINITE_RECURSION = YES;
				CLANG_WARN_INT_CONVERSION = YES;
				CLANG_WARN_NON_LITERAL_NULL_CONVERSION = YES;
				CLANG_WARN_OBJC_IMPLICIT_RETAIN_SELF = YES;
				CLANG_WARN_OBJC_LITERAL_CONVERSION = YES;
				CLANG_WARN_OBJC_ROOT_CLASS = YES_ERROR;
				CLANG_WARN_QUOTED_INCLUDE_IN_FRAMEWORK_HEADER = YES;
				CLANG_WARN_RANGE_LOOP_ANALYSIS = YES;
				CLANG_WARN_STRICT_PROTOTYPES = YES;
				CLANG_WARN_SUSPICIOUS_MOVE = YES;
				CLANG_WARN_UNGUARDED_AVAILABILITY = YES_AGGRESSIVE;
				CLANG_WARN_UNREACHABLE_CODE = YES;
				CLANG_WARN__DUPLICATE_METHOD_MATCH = YES;
				COPY_PHASE_STRIP = NO;
				DEBUG_INFORMATION_FORMAT = dwarf;
				ENABLE_STRICT_OBJC_MSGSEND = YES;
				ENABLE_TESTABILITY = YES;
				GCC_C_LANGUAGE_STANDARD = gnu11;
				GCC_DYNAMIC_NO_PIC = NO;
				GCC_NO_COMMON_BLOCKS = YES;
				GCC_OPTIMIZATION_LEVEL = 0;
				GCC_PREPROCESSOR_DEFINITIONS = (
					"DEBUG=1",
					"$(inherited)",
				);
				GCC_WARN_64_TO_32_BIT_CONVERSION = YES;
				GCC_WARN_ABOUT_RETURN_TYPE = YES_ERROR;
				GCC_WARN_UNDECLARED_SELECTOR = YES;
				GCC_WARN_UNINITIALIZED_AUTOS = YES_AGGRESSIVE;
				GCC_WARN_UNUSED_FUNCTION = YES;
				GCC_WARN_UNUSED_VARIABLE = YES;
				IPHONEOS_DEPLOYMENT_TARGET = 15.0;
				MTL_ENABLE_DEBUG_INFO = INCLUDE_SOURCE;
				MTL_FAST_MATH = YES;
				ONLY_ACTIVE_ARCH = YES;
				SDKROOT = iphoneos;
				SWIFT_ACTIVE_COMPILATION_CONDITIONS = DEBUG;
				SWIFT_OPTIMIZATION_LEVEL = "-Onone";
			};
			name = Debug;
		};
		81148939276CA19B00667D49 /* Release */ = {
			isa = XCBuildConfiguration;
			buildSettings = {
				ALWAYS_SEARCH_USER_PATHS = NO;
				CLANG_ANALYZER_NONNULL = YES;
				CLANG_ANALYZER_NUMBER_OBJECT_CONVERSION = YES_AGGRESSIVE;
				CLANG_CXX_LANGUAGE_STANDARD = "gnu++17";
				CLANG_CXX_LIBRARY = "libc++";
				CLANG_ENABLE_MODULES = YES;
				CLANG_ENABLE_OBJC_ARC = YES;
				CLANG_ENABLE_OBJC_WEAK = YES;
				CLANG_WARN_BLOCK_CAPTURE_AUTORELEASING = YES;
				CLANG_WARN_BOOL_CONVERSION = YES;
				CLANG_WARN_COMMA = YES;
				CLANG_WARN_CONSTANT_CONVERSION = YES;
				CLANG_WARN_DEPRECATED_OBJC_IMPLEMENTATIONS = YES;
				CLANG_WARN_DIRECT_OBJC_ISA_USAGE = YES_ERROR;
				CLANG_WARN_DOCUMENTATION_COMMENTS = YES;
				CLANG_WARN_EMPTY_BODY = YES;
				CLANG_WARN_ENUM_CONVERSION = YES;
				CLANG_WARN_INFINITE_RECURSION = YES;
				CLANG_WARN_INT_CONVERSION = YES;
				CLANG_WARN_NON_LITERAL_NULL_CONVERSION = YES;
				CLANG_WARN_OBJC_IMPLICIT_RETAIN_SELF = YES;
				CLANG_WARN_OBJC_LITERAL_CONVERSION = YES;
				CLANG_WARN_OBJC_ROOT_CLASS = YES_ERROR;
				CLANG_WARN_QUOTED_INCLUDE_IN_FRAMEWORK_HEADER = YES;
				CLANG_WARN_RANGE_LOOP_ANALYSIS = YES;
				CLANG_WARN_STRICT_PROTOTYPES = YES;
				CLANG_WARN_SUSPICIOUS_MOVE = YES;
				CLANG_WARN_UNGUARDED_AVAILABILITY = YES_AGGRESSIVE;
				CLANG_WARN_UNREACHABLE_CODE = YES;
				CLANG_WARN__DUPLICATE_METHOD_MATCH = YES;
				COPY_PHASE_STRIP = NO;
				DEBUG_INFORMATION_FORMAT = "dwarf-with-dsym";
				ENABLE_NS_ASSERTIONS = NO;
				ENABLE_STRICT_OBJC_MSGSEND = YES;
				GCC_C_LANGUAGE_STANDARD = gnu11;
				GCC_NO_COMMON_BLOCKS = YES;
				GCC_WARN_64_TO_32_BIT_CONVERSION = YES;
				GCC_WARN_ABOUT_RETURN_TYPE = YES_ERROR;
				GCC_WARN_UNDECLARED_SELECTOR = YES;
				GCC_WARN_UNINITIALIZED_AUTOS = YES_AGGRESSIVE;
				GCC_WARN_UNUSED_FUNCTION = YES;
				GCC_WARN_UNUSED_VARIABLE = YES;
				IPHONEOS_DEPLOYMENT_TARGET = 15.0;
				MTL_ENABLE_DEBUG_INFO = NO;
				MTL_FAST_MATH = YES;
				SDKROOT = iphoneos;
				SWIFT_COMPILATION_MODE = wholemodule;
				SWIFT_OPTIMIZATION_LEVEL = "-O";
				VALIDATE_PRODUCT = YES;
			};
			name = Release;
		};
		8114893B276CA19B00667D49 /* Debug */ = {
			isa = XCBuildConfiguration;
			buildSettings = {
				ASSETCATALOG_COMPILER_APPICON_NAME = AppIcon;
				ASSETCATALOG_COMPILER_GLOBAL_ACCENT_COLOR_NAME = AccentColor;
				CODE_SIGN_STYLE = Automatic;
				CURRENT_PROJECT_VERSION = 1;
				DEVELOPMENT_TEAM = PWX4C5TRB6;
				GENERATE_INFOPLIST_FILE = YES;
				INFOPLIST_FILE = CompaniesEmployees/Supports/Info.plist;
				INFOPLIST_KEY_UIApplicationSupportsIndirectInputEvents = YES;
				INFOPLIST_KEY_UILaunchStoryboardName = LaunchScreen;
				INFOPLIST_KEY_UISupportedInterfaceOrientations_iPad = "UIInterfaceOrientationPortrait UIInterfaceOrientationPortraitUpsideDown UIInterfaceOrientationLandscapeLeft UIInterfaceOrientationLandscapeRight";
				INFOPLIST_KEY_UISupportedInterfaceOrientations_iPhone = "UIInterfaceOrientationPortrait UIInterfaceOrientationLandscapeLeft UIInterfaceOrientationLandscapeRight";
				LD_RUNPATH_SEARCH_PATHS = (
					"$(inherited)",
					"@executable_path/Frameworks",
				);
				MARKETING_VERSION = 1.0;
				PRODUCT_BUNDLE_IDENTIFIER = "Alex-Nifontov.CompaniesEmployees";
				PRODUCT_NAME = "$(TARGET_NAME)";
				SWIFT_EMIT_LOC_STRINGS = YES;
				SWIFT_VERSION = 5.0;
				TARGETED_DEVICE_FAMILY = "1,2";
			};
			name = Debug;
		};
		8114893C276CA19B00667D49 /* Release */ = {
			isa = XCBuildConfiguration;
			buildSettings = {
				ASSETCATALOG_COMPILER_APPICON_NAME = AppIcon;
				ASSETCATALOG_COMPILER_GLOBAL_ACCENT_COLOR_NAME = AccentColor;
				CODE_SIGN_STYLE = Automatic;
				CURRENT_PROJECT_VERSION = 1;
				DEVELOPMENT_TEAM = PWX4C5TRB6;
				GENERATE_INFOPLIST_FILE = YES;
				INFOPLIST_FILE = CompaniesEmployees/Supports/Info.plist;
				INFOPLIST_KEY_UIApplicationSupportsIndirectInputEvents = YES;
				INFOPLIST_KEY_UILaunchStoryboardName = LaunchScreen;
				INFOPLIST_KEY_UISupportedInterfaceOrientations_iPad = "UIInterfaceOrientationPortrait UIInterfaceOrientationPortraitUpsideDown UIInterfaceOrientationLandscapeLeft UIInterfaceOrientationLandscapeRight";
				INFOPLIST_KEY_UISupportedInterfaceOrientations_iPhone = "UIInterfaceOrientationPortrait UIInterfaceOrientationLandscapeLeft UIInterfaceOrientationLandscapeRight";
				LD_RUNPATH_SEARCH_PATHS = (
					"$(inherited)",
					"@executable_path/Frameworks",
				);
				MARKETING_VERSION = 1.0;
				PRODUCT_BUNDLE_IDENTIFIER = "Alex-Nifontov.CompaniesEmployees";
				PRODUCT_NAME = "$(TARGET_NAME)";
				SWIFT_EMIT_LOC_STRINGS = YES;
				SWIFT_VERSION = 5.0;
				TARGETED_DEVICE_FAMILY = "1,2";
			};
			name = Release;
		};
/* End XCBuildConfiguration section */

/* Begin XCConfigurationList section */
		81148921276CA19A00667D49 /* Build configuration list for PBXProject "CompaniesEmployees" */ = {
			isa = XCConfigurationList;
			buildConfigurations = (
				81148938276CA19B00667D49 /* Debug */,
				81148939276CA19B00667D49 /* Release */,
			);
			defaultConfigurationIsVisible = 0;
			defaultConfigurationName = Release;
		};
		8114893A276CA19B00667D49 /* Build configuration list for PBXNativeTarget "CompaniesEmployees" */ = {
			isa = XCConfigurationList;
			buildConfigurations = (
				8114893B276CA19B00667D49 /* Debug */,
				8114893C276CA19B00667D49 /* Release */,
			);
			defaultConfigurationIsVisible = 0;
			defaultConfigurationName = Release;
		};
/* End XCConfigurationList section */
	};
	rootObject = 8114891E276CA19A00667D49 /* Project object */;
}
