// !$*UTF8*$!
{
	archiveVersion = 1;
	classes = {
	};
	objectVersion = 55;
	objects = {

/* Begin PBXBuildFile section */
		8114892A276CA19A00667D49 /* AppDelegate.swift in Sources */ = {isa = PBXBuildFile; fileRef = 81148929276CA19A00667D49 /* AppDelegate.swift */; };
		8114892C276CA19A00667D49 /* SceneDelegate.swift in Sources */ = {isa = PBXBuildFile; fileRef = 8114892B276CA19A00667D49 /* SceneDelegate.swift */; };
		81148933276CA19B00667D49 /* Assets.xcassets in Resources */ = {isa = PBXBuildFile; fileRef = 81148932276CA19B00667D49 /* Assets.xcassets */; };
		81148936276CA19B00667D49 /* LaunchScreen.storyboard in Resources */ = {isa = PBXBuildFile; fileRef = 81148934276CA19B00667D49 /* LaunchScreen.storyboard */; };
		81148942276CA97900667D49 /* CompaniesScreenAssembly.swift in Sources */ = {isa = PBXBuildFile; fileRef = 81148941276CA97900667D49 /* CompaniesScreenAssembly.swift */; };
		81148944276CAAF700667D49 /* CompaniesScreenPresenter.swift in Sources */ = {isa = PBXBuildFile; fileRef = 81148943276CAAF700667D49 /* CompaniesScreenPresenter.swift */; };
		81148947276CAD0C00667D49 /* DataManager.swift in Sources */ = {isa = PBXBuildFile; fileRef = 81148946276CAD0C00667D49 /* DataManager.swift */; };
		81148975276CC46500667D49 /* CoreDataService.swift in Sources */ = {isa = PBXBuildFile; fileRef = 81148974276CC46500667D49 /* CoreDataService.swift */; };
		81148977276CF49700667D49 /* CompanyDTO.swift in Sources */ = {isa = PBXBuildFile; fileRef = 81148976276CF49600667D49 /* CompanyDTO.swift */; };
		8114897A276E573400667D49 /* Companies.json in Resources */ = {isa = PBXBuildFile; fileRef = 81148979276E573400667D49 /* Companies.json */; };
		8114898F276E59A000667D49 /* NetworkService.swift in Sources */ = {isa = PBXBuildFile; fileRef = 8114898E276E59A000667D49 /* NetworkService.swift */; };
		818E4722276F38F50022A9C7 /* CompaniesScreenTableAdapter.swift in Sources */ = {isa = PBXBuildFile; fileRef = 818E4721276F38F50022A9C7 /* CompaniesScreenTableAdapter.swift */; };
		818E4724276F39790022A9C7 /* CompaniesScreenViewModel.swift in Sources */ = {isa = PBXBuildFile; fileRef = 818E4723276F39790022A9C7 /* CompaniesScreenViewModel.swift */; };
		818E4728276F4C0D0022A9C7 /* EmployeesScreenAssembly.swift in Sources */ = {isa = PBXBuildFile; fileRef = 818E4727276F4C0D0022A9C7 /* EmployeesScreenAssembly.swift */; };
		818E472A276F4CD80022A9C7 /* EmployeesScreenPresenter.swift in Sources */ = {isa = PBXBuildFile; fileRef = 818E4729276F4CD80022A9C7 /* EmployeesScreenPresenter.swift */; };
		818E4730276F803A0022A9C7 /* CompaniesScreenRouter.swift in Sources */ = {isa = PBXBuildFile; fileRef = 818E472F276F803A0022A9C7 /* CompaniesScreenRouter.swift */; };
		818E4734276F86C70022A9C7 /* EmployeesScreenRouter.swift in Sources */ = {isa = PBXBuildFile; fileRef = 818E4733276F86C70022A9C7 /* EmployeesScreenRouter.swift */; };
		818E4736276F88710022A9C7 /* EmployeeDTO.swift in Sources */ = {isa = PBXBuildFile; fileRef = 818E4735276F88710022A9C7 /* EmployeeDTO.swift */; };
		819EF5822771D1840036EC87 /* TableScreenViewController.swift in Sources */ = {isa = PBXBuildFile; fileRef = 819EF5812771D1840036EC87 /* TableScreenViewController.swift */; };
		819EF5842771D1FA0036EC87 /* TableScreenView.swift in Sources */ = {isa = PBXBuildFile; fileRef = 819EF5832771D1FA0036EC87 /* TableScreenView.swift */; };
		819EF5862771D2C90036EC87 /* ITableScreenPresenter.swift in Sources */ = {isa = PBXBuildFile; fileRef = 819EF5852771D2C90036EC87 /* ITableScreenPresenter.swift */; };
		819EF58A277237A80036EC87 /* AddCompanyScreenViewController.swift in Sources */ = {isa = PBXBuildFile; fileRef = 819EF589277237A80036EC87 /* AddCompanyScreenViewController.swift */; };
		819EF58C277237BF0036EC87 /* AddCompanyScreenAssembly.swift in Sources */ = {isa = PBXBuildFile; fileRef = 819EF58B277237BF0036EC87 /* AddCompanyScreenAssembly.swift */; };
		819EF58E277237FD0036EC87 /* AddCompanyScreenView.swift in Sources */ = {isa = PBXBuildFile; fileRef = 819EF58D277237FD0036EC87 /* AddCompanyScreenView.swift */; };
		819EF590277238110036EC87 /* AddCompanyScreenPresenter.swift in Sources */ = {isa = PBXBuildFile; fileRef = 819EF58F277238110036EC87 /* AddCompanyScreenPresenter.swift */; };
		819EF592277238230036EC87 /* AddCompanyScreenRouter.swift in Sources */ = {isa = PBXBuildFile; fileRef = 819EF591277238230036EC87 /* AddCompanyScreenRouter.swift */; };
		819EF59427723F1A0036EC87 /* TextFieldWithError.swift in Sources */ = {isa = PBXBuildFile; fileRef = 819EF59327723F1A0036EC87 /* TextFieldWithError.swift */; };
		819EF59A277379880036EC87 /* EditEmployeeScreenPresenter.swift in Sources */ = {isa = PBXBuildFile; fileRef = 819EF595277379870036EC87 /* EditEmployeeScreenPresenter.swift */; };
		819EF59B277379880036EC87 /* EditEmployeeScreenView.swift in Sources */ = {isa = PBXBuildFile; fileRef = 819EF596277379870036EC87 /* EditEmployeeScreenView.swift */; };
		819EF59C277379880036EC87 /* EditEmployeeScreenAssembly.swift in Sources */ = {isa = PBXBuildFile; fileRef = 819EF597277379870036EC87 /* EditEmployeeScreenAssembly.swift */; };
		819EF59D277379880036EC87 /* EditEmployeeScreenViewController.swift in Sources */ = {isa = PBXBuildFile; fileRef = 819EF598277379870036EC87 /* EditEmployeeScreenViewController.swift */; };
		819EF59E277379880036EC87 /* EditEmployeeScreenRouter.swift in Sources */ = {isa = PBXBuildFile; fileRef = 819EF599277379880036EC87 /* EditEmployeeScreenRouter.swift */; };
		819EF5A1277385A60036EC87 /* EditEmployeeViewModel.swift in Sources */ = {isa = PBXBuildFile; fileRef = 819EF5A0277385A60036EC87 /* EditEmployeeViewModel.swift */; };
		81B38F27277093DB00FD6C48 /* CompaniesModel.xcdatamodeld in Sources */ = {isa = PBXBuildFile; fileRef = 81B38F25277093DB00FD6C48 /* CompaniesModel.xcdatamodeld */; };
		81B38F2C2770976000FD6C48 /* Company+CoreDataClass.swift in Sources */ = {isa = PBXBuildFile; fileRef = 81B38F282770976000FD6C48 /* Company+CoreDataClass.swift */; };
		81B38F2D2770976000FD6C48 /* Company+CoreDataProperties.swift in Sources */ = {isa = PBXBuildFile; fileRef = 81B38F292770976000FD6C48 /* Company+CoreDataProperties.swift */; };
		81B38F2E2770976000FD6C48 /* Employee+CoreDataClass.swift in Sources */ = {isa = PBXBuildFile; fileRef = 81B38F2A2770976000FD6C48 /* Employee+CoreDataClass.swift */; };
		81B38F2F2770976000FD6C48 /* Employee+CoreDataProperties.swift in Sources */ = {isa = PBXBuildFile; fileRef = 81B38F2B2770976000FD6C48 /* Employee+CoreDataProperties.swift */; };
		81B38F322770C71200FD6C48 /* EmployeesScreenTableAdapter.swift in Sources */ = {isa = PBXBuildFile; fileRef = 81B38F312770C71200FD6C48 /* EmployeesScreenTableAdapter.swift */; };
		81B38F342770C78F00FD6C48 /* EmployeesScreenViewModel.swift in Sources */ = {isa = PBXBuildFile; fileRef = 81B38F332770C78F00FD6C48 /* EmployeesScreenViewModel.swift */; };
		81B38F362770EB7900FD6C48 /* 7A8F7E43-0375-4D39-AD73-2403BFF24CDA.json in Resources */ = {isa = PBXBuildFile; fileRef = 81B38F352770EB7900FD6C48 /* 7A8F7E43-0375-4D39-AD73-2403BFF24CDA.json */; };
		81B38F382770F55700FD6C48 /* 346D3429-9AAD-4D19-92EA-72C1AA47D6C1.json in Resources */ = {isa = PBXBuildFile; fileRef = 81B38F372770F55700FD6C48 /* 346D3429-9AAD-4D19-92EA-72C1AA47D6C1.json */; };
		81B38F3A2770F57F00FD6C48 /* B95B918E-038F-42F5-9F1D-C3AE014EF8C3.json in Resources */ = {isa = PBXBuildFile; fileRef = 81B38F392770F57F00FD6C48 /* B95B918E-038F-42F5-9F1D-C3AE014EF8C3.json */; };
/* End PBXBuildFile section */

/* Begin PBXFileReference section */
		81148926276CA19A00667D49 /* CompaniesEmployees.app */ = {isa = PBXFileReference; explicitFileType = wrapper.application; includeInIndex = 0; path = CompaniesEmployees.app; sourceTree = BUILT_PRODUCTS_DIR; };
		81148929276CA19A00667D49 /* AppDelegate.swift */ = {isa = PBXFileReference; lastKnownFileType = sourcecode.swift; path = AppDelegate.swift; sourceTree = "<group>"; };
		8114892B276CA19A00667D49 /* SceneDelegate.swift */ = {isa = PBXFileReference; lastKnownFileType = sourcecode.swift; path = SceneDelegate.swift; sourceTree = "<group>"; };
		81148932276CA19B00667D49 /* Assets.xcassets */ = {isa = PBXFileReference; lastKnownFileType = folder.assetcatalog; path = Assets.xcassets; sourceTree = "<group>"; };
		81148935276CA19B00667D49 /* Base */ = {isa = PBXFileReference; lastKnownFileType = file.storyboard; name = Base; path = Base.lproj/LaunchScreen.storyboard; sourceTree = "<group>"; };
		81148937276CA19B00667D49 /* Info.plist */ = {isa = PBXFileReference; lastKnownFileType = text.plist.xml; path = Info.plist; sourceTree = "<group>"; };
		81148941276CA97900667D49 /* CompaniesScreenAssembly.swift */ = {isa = PBXFileReference; lastKnownFileType = sourcecode.swift; path = CompaniesScreenAssembly.swift; sourceTree = "<group>"; };
		81148943276CAAF700667D49 /* CompaniesScreenPresenter.swift */ = {isa = PBXFileReference; lastKnownFileType = sourcecode.swift; path = CompaniesScreenPresenter.swift; sourceTree = "<group>"; };
		81148946276CAD0C00667D49 /* DataManager.swift */ = {isa = PBXFileReference; lastKnownFileType = sourcecode.swift; path = DataManager.swift; sourceTree = "<group>"; };
		81148974276CC46500667D49 /* CoreDataService.swift */ = {isa = PBXFileReference; lastKnownFileType = sourcecode.swift; path = CoreDataService.swift; sourceTree = "<group>"; };
		81148976276CF49600667D49 /* CompanyDTO.swift */ = {isa = PBXFileReference; lastKnownFileType = sourcecode.swift; path = CompanyDTO.swift; sourceTree = "<group>"; };
		81148979276E573400667D49 /* Companies.json */ = {isa = PBXFileReference; lastKnownFileType = text.json; path = Companies.json; sourceTree = "<group>"; };
		8114898E276E59A000667D49 /* NetworkService.swift */ = {isa = PBXFileReference; lastKnownFileType = sourcecode.swift; path = NetworkService.swift; sourceTree = "<group>"; };
		818E4721276F38F50022A9C7 /* CompaniesScreenTableAdapter.swift */ = {isa = PBXFileReference; lastKnownFileType = sourcecode.swift; path = CompaniesScreenTableAdapter.swift; sourceTree = "<group>"; };
		818E4723276F39790022A9C7 /* CompaniesScreenViewModel.swift */ = {isa = PBXFileReference; lastKnownFileType = sourcecode.swift; path = CompaniesScreenViewModel.swift; sourceTree = "<group>"; };
		818E4727276F4C0D0022A9C7 /* EmployeesScreenAssembly.swift */ = {isa = PBXFileReference; lastKnownFileType = sourcecode.swift; path = EmployeesScreenAssembly.swift; sourceTree = "<group>"; };
		818E4729276F4CD80022A9C7 /* EmployeesScreenPresenter.swift */ = {isa = PBXFileReference; lastKnownFileType = sourcecode.swift; path = EmployeesScreenPresenter.swift; sourceTree = "<group>"; };
		818E472F276F803A0022A9C7 /* CompaniesScreenRouter.swift */ = {isa = PBXFileReference; lastKnownFileType = sourcecode.swift; path = CompaniesScreenRouter.swift; sourceTree = "<group>"; };
		818E4733276F86C70022A9C7 /* EmployeesScreenRouter.swift */ = {isa = PBXFileReference; lastKnownFileType = sourcecode.swift; path = EmployeesScreenRouter.swift; sourceTree = "<group>"; };
		818E4735276F88710022A9C7 /* EmployeeDTO.swift */ = {isa = PBXFileReference; lastKnownFileType = sourcecode.swift; path = EmployeeDTO.swift; sourceTree = "<group>"; };
		819EF5812771D1840036EC87 /* TableScreenViewController.swift */ = {isa = PBXFileReference; lastKnownFileType = sourcecode.swift; path = TableScreenViewController.swift; sourceTree = "<group>"; };
		819EF5832771D1FA0036EC87 /* TableScreenView.swift */ = {isa = PBXFileReference; lastKnownFileType = sourcecode.swift; path = TableScreenView.swift; sourceTree = "<group>"; };
		819EF5852771D2C90036EC87 /* ITableScreenPresenter.swift */ = {isa = PBXFileReference; lastKnownFileType = sourcecode.swift; path = ITableScreenPresenter.swift; sourceTree = "<group>"; };
		819EF589277237A80036EC87 /* AddCompanyScreenViewController.swift */ = {isa = PBXFileReference; lastKnownFileType = sourcecode.swift; path = AddCompanyScreenViewController.swift; sourceTree = "<group>"; };
		819EF58B277237BF0036EC87 /* AddCompanyScreenAssembly.swift */ = {isa = PBXFileReference; lastKnownFileType = sourcecode.swift; path = AddCompanyScreenAssembly.swift; sourceTree = "<group>"; };
		819EF58D277237FD0036EC87 /* AddCompanyScreenView.swift */ = {isa = PBXFileReference; lastKnownFileType = sourcecode.swift; path = AddCompanyScreenView.swift; sourceTree = "<group>"; };
		819EF58F277238110036EC87 /* AddCompanyScreenPresenter.swift */ = {isa = PBXFileReference; lastKnownFileType = sourcecode.swift; path = AddCompanyScreenPresenter.swift; sourceTree = "<group>"; };
		819EF591277238230036EC87 /* AddCompanyScreenRouter.swift */ = {isa = PBXFileReference; lastKnownFileType = sourcecode.swift; path = AddCompanyScreenRouter.swift; sourceTree = "<group>"; };
		819EF59327723F1A0036EC87 /* TextFieldWithError.swift */ = {isa = PBXFileReference; lastKnownFileType = sourcecode.swift; path = TextFieldWithError.swift; sourceTree = "<group>"; };
		819EF595277379870036EC87 /* EditEmployeeScreenPresenter.swift */ = {isa = PBXFileReference; fileEncoding = 4; lastKnownFileType = sourcecode.swift; name = EditEmployeeScreenPresenter.swift; path = CompaniesEmployees/EditEmployeeScreen/EditEmployeeScreenPresenter.swift; sourceTree = SOURCE_ROOT; };
		819EF596277379870036EC87 /* EditEmployeeScreenView.swift */ = {isa = PBXFileReference; fileEncoding = 4; lastKnownFileType = sourcecode.swift; name = EditEmployeeScreenView.swift; path = CompaniesEmployees/EditEmployeeScreen/EditEmployeeScreenView.swift; sourceTree = SOURCE_ROOT; };
		819EF597277379870036EC87 /* EditEmployeeScreenAssembly.swift */ = {isa = PBXFileReference; fileEncoding = 4; lastKnownFileType = sourcecode.swift; name = EditEmployeeScreenAssembly.swift; path = CompaniesEmployees/EditEmployeeScreen/EditEmployeeScreenAssembly.swift; sourceTree = SOURCE_ROOT; };
		819EF598277379870036EC87 /* EditEmployeeScreenViewController.swift */ = {isa = PBXFileReference; fileEncoding = 4; lastKnownFileType = sourcecode.swift; name = EditEmployeeScreenViewController.swift; path = CompaniesEmployees/EditEmployeeScreen/EditEmployeeScreenViewController.swift; sourceTree = SOURCE_ROOT; };
		819EF599277379880036EC87 /* EditEmployeeScreenRouter.swift */ = {isa = PBXFileReference; fileEncoding = 4; lastKnownFileType = sourcecode.swift; name = EditEmployeeScreenRouter.swift; path = CompaniesEmployees/EditEmployeeScreen/EditEmployeeScreenRouter.swift; sourceTree = SOURCE_ROOT; };
		819EF5A0277385A60036EC87 /* EditEmployeeViewModel.swift */ = {isa = PBXFileReference; lastKnownFileType = sourcecode.swift; path = EditEmployeeViewModel.swift; sourceTree = "<group>"; };
		81B38F26277093DB00FD6C48 /* CompaniesModel.xcdatamodel */ = {isa = PBXFileReference; lastKnownFileType = wrapper.xcdatamodel; path = CompaniesModel.xcdatamodel; sourceTree = "<group>"; };
		81B38F282770976000FD6C48 /* Company+CoreDataClass.swift */ = {isa = PBXFileReference; lastKnownFileType = sourcecode.swift; path = "Company+CoreDataClass.swift"; sourceTree = "<group>"; };
		81B38F292770976000FD6C48 /* Company+CoreDataProperties.swift */ = {isa = PBXFileReference; lastKnownFileType = sourcecode.swift; path = "Company+CoreDataProperties.swift"; sourceTree = "<group>"; };
		81B38F2A2770976000FD6C48 /* Employee+CoreDataClass.swift */ = {isa = PBXFileReference; lastKnownFileType = sourcecode.swift; path = "Employee+CoreDataClass.swift"; sourceTree = "<group>"; };
		81B38F2B2770976000FD6C48 /* Employee+CoreDataProperties.swift */ = {isa = PBXFileReference; lastKnownFileType = sourcecode.swift; path = "Employee+CoreDataProperties.swift"; sourceTree = "<group>"; };
		81B38F312770C71200FD6C48 /* EmployeesScreenTableAdapter.swift */ = {isa = PBXFileReference; lastKnownFileType = sourcecode.swift; path = EmployeesScreenTableAdapter.swift; sourceTree = "<group>"; };
		81B38F332770C78F00FD6C48 /* EmployeesScreenViewModel.swift */ = {isa = PBXFileReference; lastKnownFileType = sourcecode.swift; path = EmployeesScreenViewModel.swift; sourceTree = "<group>"; };
		81B38F352770EB7900FD6C48 /* 7A8F7E43-0375-4D39-AD73-2403BFF24CDA.json */ = {isa = PBXFileReference; lastKnownFileType = text.json; path = "7A8F7E43-0375-4D39-AD73-2403BFF24CDA.json"; sourceTree = "<group>"; };
		81B38F372770F55700FD6C48 /* 346D3429-9AAD-4D19-92EA-72C1AA47D6C1.json */ = {isa = PBXFileReference; lastKnownFileType = text.json; path = "346D3429-9AAD-4D19-92EA-72C1AA47D6C1.json"; sourceTree = "<group>"; };
		81B38F392770F57F00FD6C48 /* B95B918E-038F-42F5-9F1D-C3AE014EF8C3.json */ = {isa = PBXFileReference; lastKnownFileType = text.json; path = "B95B918E-038F-42F5-9F1D-C3AE014EF8C3.json"; sourceTree = "<group>"; };
/* End PBXFileReference section */

/* Begin PBXFrameworksBuildPhase section */
		81148923276CA19A00667D49 /* Frameworks */ = {
			isa = PBXFrameworksBuildPhase;
			buildActionMask = 2147483647;
			files = (
			);
			runOnlyForDeploymentPostprocessing = 0;
		};
/* End PBXFrameworksBuildPhase section */

/* Begin PBXGroup section */
		8114891D276CA19A00667D49 = {
			isa = PBXGroup;
			children = (
				81148928276CA19A00667D49 /* CompaniesEmployees */,
				81148927276CA19A00667D49 /* Products */,
			);
			sourceTree = "<group>";
		};
		81148927276CA19A00667D49 /* Products */ = {
			isa = PBXGroup;
			children = (
				81148926276CA19A00667D49 /* CompaniesEmployees.app */,
			);
			name = Products;
			sourceTree = "<group>";
		};
		81148928276CA19A00667D49 /* CompaniesEmployees */ = {
			isa = PBXGroup;
			children = (
				819EF5802771CF880036EC87 /* Modules */,
				81148945276CACCF00667D49 /* Services */,
				81148970276CBF6C00667D49 /* Models */,
				81148978276E56FF00667D49 /* JSONData */,
				8114893D276CA68500667D49 /* Supports */,
			);
			path = CompaniesEmployees;
			sourceTree = "<group>";
		};
		8114893D276CA68500667D49 /* Supports */ = {
			isa = PBXGroup;
			children = (
				81148934276CA19B00667D49 /* LaunchScreen.storyboard */,
				81148932276CA19B00667D49 /* Assets.xcassets */,
				81148929276CA19A00667D49 /* AppDelegate.swift */,
				8114892B276CA19A00667D49 /* SceneDelegate.swift */,
				81148937276CA19B00667D49 /* Info.plist */,
			);
			path = Supports;
			sourceTree = "<group>";
		};
		81148940276CA94600667D49 /* CompaniesScreen */ = {
			isa = PBXGroup;
			children = (
				81148941276CA97900667D49 /* CompaniesScreenAssembly.swift */,
				81148943276CAAF700667D49 /* CompaniesScreenPresenter.swift */,
				818E4721276F38F50022A9C7 /* CompaniesScreenTableAdapter.swift */,
				818E4723276F39790022A9C7 /* CompaniesScreenViewModel.swift */,
				818E472F276F803A0022A9C7 /* CompaniesScreenRouter.swift */,
			);
			path = CompaniesScreen;
			sourceTree = "<group>";
		};
		81148945276CACCF00667D49 /* Services */ = {
			isa = PBXGroup;
			children = (
				81148946276CAD0C00667D49 /* DataManager.swift */,
				81148974276CC46500667D49 /* CoreDataService.swift */,
				8114898E276E59A000667D49 /* NetworkService.swift */,
			);
			path = Services;
			sourceTree = "<group>";
		};
		81148970276CBF6C00667D49 /* Models */ = {
			isa = PBXGroup;
			children = (
				81B38F282770976000FD6C48 /* Company+CoreDataClass.swift */,
				81B38F292770976000FD6C48 /* Company+CoreDataProperties.swift */,
				81B38F2A2770976000FD6C48 /* Employee+CoreDataClass.swift */,
				81B38F2B2770976000FD6C48 /* Employee+CoreDataProperties.swift */,
				81B38F25277093DB00FD6C48 /* CompaniesModel.xcdatamodeld */,
				81148976276CF49600667D49 /* CompanyDTO.swift */,
				818E4735276F88710022A9C7 /* EmployeeDTO.swift */,
			);
			path = Models;
			sourceTree = "<group>";
		};
		81148978276E56FF00667D49 /* JSONData */ = {
			isa = PBXGroup;
			children = (
				81148979276E573400667D49 /* Companies.json */,
				81B38F352770EB7900FD6C48 /* 7A8F7E43-0375-4D39-AD73-2403BFF24CDA.json */,
				81B38F372770F55700FD6C48 /* 346D3429-9AAD-4D19-92EA-72C1AA47D6C1.json */,
				81B38F392770F57F00FD6C48 /* B95B918E-038F-42F5-9F1D-C3AE014EF8C3.json */,
			);
			path = JSONData;
			sourceTree = "<group>";
		};
		818E4726276F4BBD0022A9C7 /* EmployeesScreen */ = {
			isa = PBXGroup;
			children = (
				818E4727276F4C0D0022A9C7 /* EmployeesScreenAssembly.swift */,
				818E4729276F4CD80022A9C7 /* EmployeesScreenPresenter.swift */,
				818E4733276F86C70022A9C7 /* EmployeesScreenRouter.swift */,
				81B38F312770C71200FD6C48 /* EmployeesScreenTableAdapter.swift */,
				81B38F332770C78F00FD6C48 /* EmployeesScreenViewModel.swift */,
			);
			path = EmployeesScreen;
			sourceTree = "<group>";
		};
		819EF5802771CF880036EC87 /* Modules */ = {
			isa = PBXGroup;
			children = (
				819EF59327723F1A0036EC87 /* TextFieldWithError.swift */,
				819EF5872771D50E0036EC87 /* TableScreen */,
				81148940276CA94600667D49 /* CompaniesScreen */,
				819EF5882772377D0036EC87 /* AddCompanyScreen */,
				818E4726276F4BBD0022A9C7 /* EmployeesScreen */,
				819EF59F277379950036EC87 /* EditEmployeeScreen */,
			);
			path = Modules;
			sourceTree = "<group>";
		};
		819EF5872771D50E0036EC87 /* TableScreen */ = {
			isa = PBXGroup;
			children = (
				819EF5812771D1840036EC87 /* TableScreenViewController.swift */,
				819EF5832771D1FA0036EC87 /* TableScreenView.swift */,
				819EF5852771D2C90036EC87 /* ITableScreenPresenter.swift */,
			);
			path = TableScreen;
			sourceTree = "<group>";
		};
		819EF5882772377D0036EC87 /* AddCompanyScreen */ = {
			isa = PBXGroup;
			children = (
				819EF58B277237BF0036EC87 /* AddCompanyScreenAssembly.swift */,
				819EF589277237A80036EC87 /* AddCompanyScreenViewController.swift */,
				819EF58D277237FD0036EC87 /* AddCompanyScreenView.swift */,
				819EF58F277238110036EC87 /* AddCompanyScreenPresenter.swift */,
				819EF591277238230036EC87 /* AddCompanyScreenRouter.swift */,
			);
			path = AddCompanyScreen;
			sourceTree = "<group>";
		};
		819EF59F277379950036EC87 /* EditEmployeeScreen */ = {
			isa = PBXGroup;
			children = (
				819EF597277379870036EC87 /* EditEmployeeScreenAssembly.swift */,
				819EF595277379870036EC87 /* EditEmployeeScreenPresenter.swift */,
				819EF599277379880036EC87 /* EditEmployeeScreenRouter.swift */,
				819EF596277379870036EC87 /* EditEmployeeScreenView.swift */,
				819EF598277379870036EC87 /* EditEmployeeScreenViewController.swift */,
				819EF5A0277385A60036EC87 /* EditEmployeeViewModel.swift */,
			);
			name = EditEmployeeScreen;
			path = ../EditEmployeeScreen;
			sourceTree = "<group>";
		};
/* End PBXGroup section */

/* Begin PBXNativeTarget section */
		81148925276CA19A00667D49 /* CompaniesEmployees */ = {
			isa = PBXNativeTarget;
			buildConfigurationList = 8114893A276CA19B00667D49 /* Build configuration list for PBXNativeTarget "CompaniesEmployees" */;
			buildPhases = (
				81148922276CA19A00667D49 /* Sources */,
				81148923276CA19A00667D49 /* Frameworks */,
				81148924276CA19A00667D49 /* Resources */,
			);
			buildRules = (
			);
			dependencies = (
			);
			name = CompaniesEmployees;
			productName = CompaniesEmployees;
			productReference = 81148926276CA19A00667D49 /* CompaniesEmployees.app */;
			productType = "com.apple.product-type.application";
		};
/* End PBXNativeTarget section */

/* Begin PBXProject section */
		8114891E276CA19A00667D49 /* Project object */ = {
			isa = PBXProject;
			attributes = {
				BuildIndependentTargetsInParallel = 1;
				LastSwiftUpdateCheck = 1310;
				LastUpgradeCheck = 1310;
				TargetAttributes = {
					81148925276CA19A00667D49 = {
						CreatedOnToolsVersion = 13.1;
					};
				};
			};
			buildConfigurationList = 81148921276CA19A00667D49 /* Build configuration list for PBXProject "CompaniesEmployees" */;
			compatibilityVersion = "Xcode 13.0";
			developmentRegion = en;
			hasScannedForEncodings = 0;
			knownRegions = (
				en,
				Base,
			);
			mainGroup = 8114891D276CA19A00667D49;
			productRefGroup = 81148927276CA19A00667D49 /* Products */;
			projectDirPath = "";
			projectRoot = "";
			targets = (
				81148925276CA19A00667D49 /* CompaniesEmployees */,
			);
		};
/* End PBXProject section */

/* Begin PBXResourcesBuildPhase section */
		81148924276CA19A00667D49 /* Resources */ = {
			isa = PBXResourcesBuildPhase;
			buildActionMask = 2147483647;
			files = (
				81148936276CA19B00667D49 /* LaunchScreen.storyboard in Resources */,
				81B38F362770EB7900FD6C48 /* 7A8F7E43-0375-4D39-AD73-2403BFF24CDA.json in Resources */,
				81148933276CA19B00667D49 /* Assets.xcassets in Resources */,
				81B38F382770F55700FD6C48 /* 346D3429-9AAD-4D19-92EA-72C1AA47D6C1.json in Resources */,
				81B38F3A2770F57F00FD6C48 /* B95B918E-038F-42F5-9F1D-C3AE014EF8C3.json in Resources */,
				8114897A276E573400667D49 /* Companies.json in Resources */,
			);
			runOnlyForDeploymentPostprocessing = 0;
		};
/* End PBXResourcesBuildPhase section */

/* Begin PBXSourcesBuildPhase section */
		81148922276CA19A00667D49 /* Sources */ = {
			isa = PBXSourcesBuildPhase;
			buildActionMask = 2147483647;
			files = (
				819EF59E277379880036EC87 /* EditEmployeeScreenRouter.swift in Sources */,
				819EF590277238110036EC87 /* AddCompanyScreenPresenter.swift in Sources */,
				819EF58A277237A80036EC87 /* AddCompanyScreenViewController.swift in Sources */,
				819EF59D277379880036EC87 /* EditEmployeeScreenViewController.swift in Sources */,
				819EF59B277379880036EC87 /* EditEmployeeScreenView.swift in Sources */,
				8114898F276E59A000667D49 /* NetworkService.swift in Sources */,
				81148947276CAD0C00667D49 /* DataManager.swift in Sources */,
				819EF5842771D1FA0036EC87 /* TableScreenView.swift in Sources */,
				818E4736276F88710022A9C7 /* EmployeeDTO.swift in Sources */,
				818E4730276F803A0022A9C7 /* CompaniesScreenRouter.swift in Sources */,
				81148942276CA97900667D49 /* CompaniesScreenAssembly.swift in Sources */,
				8114892A276CA19A00667D49 /* AppDelegate.swift in Sources */,
				818E4724276F39790022A9C7 /* CompaniesScreenViewModel.swift in Sources */,
				81B38F2D2770976000FD6C48 /* Company+CoreDataProperties.swift in Sources */,
				819EF59427723F1A0036EC87 /* TextFieldWithError.swift in Sources */,
				81148975276CC46500667D49 /* CoreDataService.swift in Sources */,
				819EF5822771D1840036EC87 /* TableScreenViewController.swift in Sources */,
				819EF59A277379880036EC87 /* EditEmployeeScreenPresenter.swift in Sources */,
				819EF59C277379880036EC87 /* EditEmployeeScreenAssembly.swift in Sources */,
				81B38F27277093DB00FD6C48 /* CompaniesModel.xcdatamodeld in Sources */,
				81B38F322770C71200FD6C48 /* EmployeesScreenTableAdapter.swift in Sources */,
				81B38F2F2770976000FD6C48 /* Employee+CoreDataProperties.swift in Sources */,
				818E4728276F4C0D0022A9C7 /* EmployeesScreenAssembly.swift in Sources */,
				819EF58E277237FD0036EC87 /* AddCompanyScreenView.swift in Sources */,
				81B38F2E2770976000FD6C48 /* Employee+CoreDataClass.swift in Sources */,
				819EF5A1277385A60036EC87 /* EditEmployeeViewModel.swift in Sources */,
				819EF5862771D2C90036EC87 /* ITableScreenPresenter.swift in Sources */,
				819EF58C277237BF0036EC87 /* AddCompanyScreenAssembly.swift in Sources */,
				818E4722276F38F50022A9C7 /* CompaniesScreenTableAdapter.swift in Sources */,
				81148977276CF49700667D49 /* CompanyDTO.swift in Sources */,
				818E4734276F86C70022A9C7 /* EmployeesScreenRouter.swift in Sources */,
				81148944276CAAF700667D49 /* CompaniesScreenPresenter.swift in Sources */,
				81B38F342770C78F00FD6C48 /* EmployeesScreenViewModel.swift in Sources */,
				818E472A276F4CD80022A9C7 /* EmployeesScreenPresenter.swift in Sources */,
				81B38F2C2770976000FD6C48 /* Company+CoreDataClass.swift in Sources */,
				819EF592277238230036EC87 /* AddCompanyScreenRouter.swift in Sources */,
				8114892C276CA19A00667D49 /* SceneDelegate.swift in Sources */,
			);
			runOnlyForDeploymentPostprocessing = 0;
		};
/* End PBXSourcesBuildPhase section */

/* Begin PBXVariantGroup section */
		81148934276CA19B00667D49 /* LaunchScreen.storyboard */ = {
			isa = PBXVariantGroup;
			children = (
				81148935276CA19B00667D49 /* Base */,
			);
			name = LaunchScreen.storyboard;
			sourceTree = "<group>";
		};
/* End PBXVariantGroup section */

/* Begin XCBuildConfiguration section */
		81148938276CA19B00667D49 /* Debug */ = {
			isa = XCBuildConfiguration;
			buildSettings = {
				ALWAYS_SEARCH_USER_PATHS = NO;
				CLANG_ANALYZER_NONNULL = YES;
				CLANG_ANALYZER_NUMBER_OBJECT_CONVERSION = YES_AGGRESSIVE;
				CLANG_CXX_LANGUAGE_STANDARD = "gnu++17";
				CLANG_CXX_LIBRARY = "libc++";
				CLANG_ENABLE_MODULES = YES;
				CLANG_ENABLE_OBJC_ARC = YES;
				CLANG_ENABLE_OBJC_WEAK = YES;
				CLANG_WARN_BLOCK_CAPTURE_AUTORELEASING = YES;
				CLANG_WARN_BOOL_CONVERSION = YES;
				CLANG_WARN_COMMA = YES;
				CLANG_WARN_CONSTANT_CONVERSION = YES;
				CLANG_WARN_DEPRECATED_OBJC_IMPLEMENTATIONS = YES;
				CLANG_WARN_DIRECT_OBJC_ISA_USAGE = YES_ERROR;
				CLANG_WARN_DOCUMENTATION_COMMENTS = YES;
				CLANG_WARN_EMPTY_BODY = YES;
				CLANG_WARN_ENUM_CONVERSION = YES;
				CLANG_WARN_INFINITE_RECURSION = YES;
				CLANG_WARN_INT_CONVERSION = YES;
				CLANG_WARN_NON_LITERAL_NULL_CONVERSION = YES;
				CLANG_WARN_OBJC_IMPLICIT_RETAIN_SELF = YES;
				CLANG_WARN_OBJC_LITERAL_CONVERSION = YES;
				CLANG_WARN_OBJC_ROOT_CLASS = YES_ERROR;
				CLANG_WARN_QUOTED_INCLUDE_IN_FRAMEWORK_HEADER = YES;
				CLANG_WARN_RANGE_LOOP_ANALYSIS = YES;
				CLANG_WARN_STRICT_PROTOTYPES = YES;
				CLANG_WARN_SUSPICIOUS_MOVE = YES;
				CLANG_WARN_UNGUARDED_AVAILABILITY = YES_AGGRESSIVE;
				CLANG_WARN_UNREACHABLE_CODE = YES;
				CLANG_WARN__DUPLICATE_METHOD_MATCH = YES;
				COPY_PHASE_STRIP = NO;
				DEBUG_INFORMATION_FORMAT = dwarf;
				ENABLE_STRICT_OBJC_MSGSEND = YES;
				ENABLE_TESTABILITY = YES;
				GCC_C_LANGUAGE_STANDARD = gnu11;
				GCC_DYNAMIC_NO_PIC = NO;
				GCC_NO_COMMON_BLOCKS = YES;
				GCC_OPTIMIZATION_LEVEL = 0;
				GCC_PREPROCESSOR_DEFINITIONS = (
					"DEBUG=1",
					"$(inherited)",
				);
				GCC_WARN_64_TO_32_BIT_CONVERSION = YES;
				GCC_WARN_ABOUT_RETURN_TYPE = YES_ERROR;
				GCC_WARN_UNDECLARED_SELECTOR = YES;
				GCC_WARN_UNINITIALIZED_AUTOS = YES_AGGRESSIVE;
				GCC_WARN_UNUSED_FUNCTION = YES;
				GCC_WARN_UNUSED_VARIABLE = YES;
				IPHONEOS_DEPLOYMENT_TARGET = 15.0;
				MTL_ENABLE_DEBUG_INFO = INCLUDE_SOURCE;
				MTL_FAST_MATH = YES;
				ONLY_ACTIVE_ARCH = YES;
				SDKROOT = iphoneos;
				SWIFT_ACTIVE_COMPILATION_CONDITIONS = DEBUG;
				SWIFT_OPTIMIZATION_LEVEL = "-Onone";
			};
			name = Debug;
		};
		81148939276CA19B00667D49 /* Release */ = {
			isa = XCBuildConfiguration;
			buildSettings = {
				ALWAYS_SEARCH_USER_PATHS = NO;
				CLANG_ANALYZER_NONNULL = YES;
				CLANG_ANALYZER_NUMBER_OBJECT_CONVERSION = YES_AGGRESSIVE;
				CLANG_CXX_LANGUAGE_STANDARD = "gnu++17";
				CLANG_CXX_LIBRARY = "libc++";
				CLANG_ENABLE_MODULES = YES;
				CLANG_ENABLE_OBJC_ARC = YES;
				CLANG_ENABLE_OBJC_WEAK = YES;
				CLANG_WARN_BLOCK_CAPTURE_AUTORELEASING = YES;
				CLANG_WARN_BOOL_CONVERSION = YES;
				CLANG_WARN_COMMA = YES;
				CLANG_WARN_CONSTANT_CONVERSION = YES;
				CLANG_WARN_DEPRECATED_OBJC_IMPLEMENTATIONS = YES;
				CLANG_WARN_DIRECT_OBJC_ISA_USAGE = YES_ERROR;
				CLANG_WARN_DOCUMENTATION_COMMENTS = YES;
				CLANG_WARN_EMPTY_BODY = YES;
				CLANG_WARN_ENUM_CONVERSION = YES;
				CLANG_WARN_INFINITE_RECURSION = YES;
				CLANG_WARN_INT_CONVERSION = YES;
				CLANG_WARN_NON_LITERAL_NULL_CONVERSION = YES;
				CLANG_WARN_OBJC_IMPLICIT_RETAIN_SELF = YES;
				CLANG_WARN_OBJC_LITERAL_CONVERSION = YES;
				CLANG_WARN_OBJC_ROOT_CLASS = YES_ERROR;
				CLANG_WARN_QUOTED_INCLUDE_IN_FRAMEWORK_HEADER = YES;
				CLANG_WARN_RANGE_LOOP_ANALYSIS = YES;
				CLANG_WARN_STRICT_PROTOTYPES = YES;
				CLANG_WARN_SUSPICIOUS_MOVE = YES;
				CLANG_WARN_UNGUARDED_AVAILABILITY = YES_AGGRESSIVE;
				CLANG_WARN_UNREACHABLE_CODE = YES;
				CLANG_WARN__DUPLICATE_METHOD_MATCH = YES;
				COPY_PHASE_STRIP = NO;
				DEBUG_INFORMATION_FORMAT = "dwarf-with-dsym";
				ENABLE_NS_ASSERTIONS = NO;
				ENABLE_STRICT_OBJC_MSGSEND = YES;
				GCC_C_LANGUAGE_STANDARD = gnu11;
				GCC_NO_COMMON_BLOCKS = YES;
				GCC_WARN_64_TO_32_BIT_CONVERSION = YES;
				GCC_WARN_ABOUT_RETURN_TYPE = YES_ERROR;
				GCC_WARN_UNDECLARED_SELECTOR = YES;
				GCC_WARN_UNINITIALIZED_AUTOS = YES_AGGRESSIVE;
				GCC_WARN_UNUSED_FUNCTION = YES;
				GCC_WARN_UNUSED_VARIABLE = YES;
				IPHONEOS_DEPLOYMENT_TARGET = 15.0;
				MTL_ENABLE_DEBUG_INFO = NO;
				MTL_FAST_MATH = YES;
				SDKROOT = iphoneos;
				SWIFT_COMPILATION_MODE = wholemodule;
				SWIFT_OPTIMIZATION_LEVEL = "-O";
				VALIDATE_PRODUCT = YES;
			};
			name = Release;
		};
		8114893B276CA19B00667D49 /* Debug */ = {
			isa = XCBuildConfiguration;
			buildSettings = {
				ASSETCATALOG_COMPILER_APPICON_NAME = AppIcon;
				ASSETCATALOG_COMPILER_GLOBAL_ACCENT_COLOR_NAME = AccentColor;
				CODE_SIGN_STYLE = Automatic;
				CURRENT_PROJECT_VERSION = 1;
				DEVELOPMENT_TEAM = PWX4C5TRB6;
				GENERATE_INFOPLIST_FILE = YES;
				INFOPLIST_FILE = CompaniesEmployees/Supports/Info.plist;
				INFOPLIST_KEY_UIApplicationSupportsIndirectInputEvents = YES;
				INFOPLIST_KEY_UILaunchStoryboardName = LaunchScreen;
				INFOPLIST_KEY_UISupportedInterfaceOrientations_iPad = "UIInterfaceOrientationPortrait UIInterfaceOrientationPortraitUpsideDown UIInterfaceOrientationLandscapeLeft UIInterfaceOrientationLandscapeRight";
				INFOPLIST_KEY_UISupportedInterfaceOrientations_iPhone = "UIInterfaceOrientationPortrait UIInterfaceOrientationLandscapeLeft UIInterfaceOrientationLandscapeRight";
				LD_RUNPATH_SEARCH_PATHS = (
					"$(inherited)",
					"@executable_path/Frameworks",
				);
				MARKETING_VERSION = 1.0;
				PRODUCT_BUNDLE_IDENTIFIER = "Alex-Nifontov.CompaniesEmployees";
				PRODUCT_NAME = "$(TARGET_NAME)";
				SWIFT_EMIT_LOC_STRINGS = YES;
				SWIFT_VERSION = 5.0;
				TARGETED_DEVICE_FAMILY = "1,2";
			};
			name = Debug;
		};
		8114893C276CA19B00667D49 /* Release */ = {
			isa = XCBuildConfiguration;
			buildSettings = {
				ASSETCATALOG_COMPILER_APPICON_NAME = AppIcon;
				ASSETCATALOG_COMPILER_GLOBAL_ACCENT_COLOR_NAME = AccentColor;
				CODE_SIGN_STYLE = Automatic;
				CURRENT_PROJECT_VERSION = 1;
				DEVELOPMENT_TEAM = PWX4C5TRB6;
				GENERATE_INFOPLIST_FILE = YES;
				INFOPLIST_FILE = CompaniesEmployees/Supports/Info.plist;
				INFOPLIST_KEY_UIApplicationSupportsIndirectInputEvents = YES;
				INFOPLIST_KEY_UILaunchStoryboardName = LaunchScreen;
				INFOPLIST_KEY_UISupportedInterfaceOrientations_iPad = "UIInterfaceOrientationPortrait UIInterfaceOrientationPortraitUpsideDown UIInterfaceOrientationLandscapeLeft UIInterfaceOrientationLandscapeRight";
				INFOPLIST_KEY_UISupportedInterfaceOrientations_iPhone = "UIInterfaceOrientationPortrait UIInterfaceOrientationLandscapeLeft UIInterfaceOrientationLandscapeRight";
				LD_RUNPATH_SEARCH_PATHS = (
					"$(inherited)",
					"@executable_path/Frameworks",
				);
				MARKETING_VERSION = 1.0;
				PRODUCT_BUNDLE_IDENTIFIER = "Alex-Nifontov.CompaniesEmployees";
				PRODUCT_NAME = "$(TARGET_NAME)";
				SWIFT_EMIT_LOC_STRINGS = YES;
				SWIFT_VERSION = 5.0;
				TARGETED_DEVICE_FAMILY = "1,2";
			};
			name = Release;
		};
/* End XCBuildConfiguration section */

/* Begin XCConfigurationList section */
		81148921276CA19A00667D49 /* Build configuration list for PBXProject "CompaniesEmployees" */ = {
			isa = XCConfigurationList;
			buildConfigurations = (
				81148938276CA19B00667D49 /* Debug */,
				81148939276CA19B00667D49 /* Release */,
			);
			defaultConfigurationIsVisible = 0;
			defaultConfigurationName = Release;
		};
		8114893A276CA19B00667D49 /* Build configuration list for PBXNativeTarget "CompaniesEmployees" */ = {
			isa = XCConfigurationList;
			buildConfigurations = (
				8114893B276CA19B00667D49 /* Debug */,
				8114893C276CA19B00667D49 /* Release */,
			);
			defaultConfigurationIsVisible = 0;
			defaultConfigurationName = Release;
		};
/* End XCConfigurationList section */

/* Begin XCVersionGroup section */
		81B38F25277093DB00FD6C48 /* CompaniesModel.xcdatamodeld */ = {
			isa = XCVersionGroup;
			children = (
				81B38F26277093DB00FD6C48 /* CompaniesModel.xcdatamodel */,
			);
			currentVersion = 81B38F26277093DB00FD6C48 /* CompaniesModel.xcdatamodel */;
			path = CompaniesModel.xcdatamodeld;
			sourceTree = "<group>";
			versionGroupType = wrapper.xcdatamodel;
		};
/* End XCVersionGroup section */
	};
	rootObject = 8114891E276CA19A00667D49 /* Project object */;
}
