// !$*UTF8*$!
{
	archiveVersion = 1;
	classes = {
	};
	objectVersion = 55;
	objects = {

/* Begin PBXBuildFile section */
		8148B137275FB8D000562766 /* SelectBodyAssembly.swift in Sources */ = {isa = PBXBuildFile; fileRef = 8148B136275FB8D000562766 /* SelectBodyAssembly.swift */; };
		8148B139275FBA7500562766 /* SelectBodyViewController.swift in Sources */ = {isa = PBXBuildFile; fileRef = 8148B138275FBA7500562766 /* SelectBodyViewController.swift */; };
		8148B13B275FBC0200562766 /* SelectBodyPresenter.swift in Sources */ = {isa = PBXBuildFile; fileRef = 8148B13A275FBC0200562766 /* SelectBodyPresenter.swift */; };
		8148B13D275FBC7D00562766 /* SelectBodyRouter.swift in Sources */ = {isa = PBXBuildFile; fileRef = 8148B13C275FBC7D00562766 /* SelectBodyRouter.swift */; };
		8148B13F275FBEBB00562766 /* SelectBodyView.swift in Sources */ = {isa = PBXBuildFile; fileRef = 8148B13E275FBEBB00562766 /* SelectBodyView.swift */; };
		814CC339275E7D7D00EB091D /* SelectBrandRouter.swift in Sources */ = {isa = PBXBuildFile; fileRef = 814CC338275E7D7D00EB091D /* SelectBrandRouter.swift */; };
		8156308E2759305F008D0231 /* AppDelegate.swift in Sources */ = {isa = PBXBuildFile; fileRef = 8156308D2759305F008D0231 /* AppDelegate.swift */; };
		815630902759305F008D0231 /* SceneDelegate.swift in Sources */ = {isa = PBXBuildFile; fileRef = 8156308F2759305F008D0231 /* SceneDelegate.swift */; };
		8156309727593060008D0231 /* Assets.xcassets in Resources */ = {isa = PBXBuildFile; fileRef = 8156309627593060008D0231 /* Assets.xcassets */; };
		8156309A27593060008D0231 /* LaunchScreen.storyboard in Resources */ = {isa = PBXBuildFile; fileRef = 8156309827593060008D0231 /* LaunchScreen.storyboard */; };
		815630A6275934E9008D0231 /* CarModel.swift in Sources */ = {isa = PBXBuildFile; fileRef = 815630A5275934E9008D0231 /* CarModel.swift */; };
		815630A82759350B008D0231 /* Car.swift in Sources */ = {isa = PBXBuildFile; fileRef = 815630A72759350B008D0231 /* Car.swift */; };
		815630AA2759353E008D0231 /* CarBody.swift in Sources */ = {isa = PBXBuildFile; fileRef = 815630A92759353E008D0231 /* CarBody.swift */; };
		815630AC2759362F008D0231 /* CarBrand.swift in Sources */ = {isa = PBXBuildFile; fileRef = 815630AB2759362F008D0231 /* CarBrand.swift */; };
		81B967AE275A4D5600BDBC86 /* SelectBrandAssembly.swift in Sources */ = {isa = PBXBuildFile; fileRef = 81B967AD275A4D5600BDBC86 /* SelectBrandAssembly.swift */; };
		81B967B0275A4E2300BDBC86 /* SelectBrandPresenter.swift in Sources */ = {isa = PBXBuildFile; fileRef = 81B967AF275A4E2300BDBC86 /* SelectBrandPresenter.swift */; };
		81B967B2275A4F5C00BDBC86 /* SelectBrandViewController.swift in Sources */ = {isa = PBXBuildFile; fileRef = 81B967B1275A4F5C00BDBC86 /* SelectBrandViewController.swift */; };
		81B967B4275A530400BDBC86 /* SelectBrandView.swift in Sources */ = {isa = PBXBuildFile; fileRef = 81B967B3275A530400BDBC86 /* SelectBrandView.swift */; };
		81B967B6275A615C00BDBC86 /* CarBrandCell.swift in Sources */ = {isa = PBXBuildFile; fileRef = 81B967B5275A615C00BDBC86 /* CarBrandCell.swift */; };
/* End PBXBuildFile section */

/* Begin PBXFileReference section */
		8148B136275FB8D000562766 /* SelectBodyAssembly.swift */ = {isa = PBXFileReference; lastKnownFileType = sourcecode.swift; path = SelectBodyAssembly.swift; sourceTree = "<group>"; };
		8148B138275FBA7500562766 /* SelectBodyViewController.swift */ = {isa = PBXFileReference; lastKnownFileType = sourcecode.swift; path = SelectBodyViewController.swift; sourceTree = "<group>"; };
		8148B13A275FBC0200562766 /* SelectBodyPresenter.swift */ = {isa = PBXFileReference; lastKnownFileType = sourcecode.swift; path = SelectBodyPresenter.swift; sourceTree = "<group>"; };
		8148B13C275FBC7D00562766 /* SelectBodyRouter.swift */ = {isa = PBXFileReference; lastKnownFileType = sourcecode.swift; path = SelectBodyRouter.swift; sourceTree = "<group>"; };
		8148B13E275FBEBB00562766 /* SelectBodyView.swift */ = {isa = PBXFileReference; lastKnownFileType = sourcecode.swift; path = SelectBodyView.swift; sourceTree = "<group>"; };
		814CC338275E7D7D00EB091D /* SelectBrandRouter.swift */ = {isa = PBXFileReference; lastKnownFileType = sourcecode.swift; path = SelectBrandRouter.swift; sourceTree = "<group>"; };
		8156308A2759305F008D0231 /* CarAppMobile.app */ = {isa = PBXFileReference; explicitFileType = wrapper.application; includeInIndex = 0; path = CarAppMobile.app; sourceTree = BUILT_PRODUCTS_DIR; };
		8156308D2759305F008D0231 /* AppDelegate.swift */ = {isa = PBXFileReference; lastKnownFileType = sourcecode.swift; path = AppDelegate.swift; sourceTree = "<group>"; };
		8156308F2759305F008D0231 /* SceneDelegate.swift */ = {isa = PBXFileReference; lastKnownFileType = sourcecode.swift; path = SceneDelegate.swift; sourceTree = "<group>"; };
		8156309627593060008D0231 /* Assets.xcassets */ = {isa = PBXFileReference; lastKnownFileType = folder.assetcatalog; path = Assets.xcassets; sourceTree = "<group>"; };
		8156309927593060008D0231 /* Base */ = {isa = PBXFileReference; lastKnownFileType = file.storyboard; name = Base; path = Base.lproj/LaunchScreen.storyboard; sourceTree = "<group>"; };
		8156309B27593060008D0231 /* Info.plist */ = {isa = PBXFileReference; lastKnownFileType = text.plist.xml; path = Info.plist; sourceTree = "<group>"; };
		815630A5275934E9008D0231 /* CarModel.swift */ = {isa = PBXFileReference; lastKnownFileType = sourcecode.swift; path = CarModel.swift; sourceTree = "<group>"; };
		815630A72759350B008D0231 /* Car.swift */ = {isa = PBXFileReference; lastKnownFileType = sourcecode.swift; path = Car.swift; sourceTree = "<group>"; };
		815630A92759353E008D0231 /* CarBody.swift */ = {isa = PBXFileReference; lastKnownFileType = sourcecode.swift; path = CarBody.swift; sourceTree = "<group>"; };
		815630AB2759362F008D0231 /* CarBrand.swift */ = {isa = PBXFileReference; lastKnownFileType = sourcecode.swift; path = CarBrand.swift; sourceTree = "<group>"; };
		81B967AD275A4D5600BDBC86 /* SelectBrandAssembly.swift */ = {isa = PBXFileReference; lastKnownFileType = sourcecode.swift; path = SelectBrandAssembly.swift; sourceTree = "<group>"; };
		81B967AF275A4E2300BDBC86 /* SelectBrandPresenter.swift */ = {isa = PBXFileReference; lastKnownFileType = sourcecode.swift; path = SelectBrandPresenter.swift; sourceTree = "<group>"; };
		81B967B1275A4F5C00BDBC86 /* SelectBrandViewController.swift */ = {isa = PBXFileReference; lastKnownFileType = sourcecode.swift; path = SelectBrandViewController.swift; sourceTree = "<group>"; };
		81B967B3275A530400BDBC86 /* SelectBrandView.swift */ = {isa = PBXFileReference; lastKnownFileType = sourcecode.swift; path = SelectBrandView.swift; sourceTree = "<group>"; };
		81B967B5275A615C00BDBC86 /* CarBrandCell.swift */ = {isa = PBXFileReference; lastKnownFileType = sourcecode.swift; path = CarBrandCell.swift; sourceTree = "<group>"; };
/* End PBXFileReference section */

/* Begin PBXFrameworksBuildPhase section */
		815630872759305F008D0231 /* Frameworks */ = {
			isa = PBXFrameworksBuildPhase;
			buildActionMask = 2147483647;
			files = (
			);
			runOnlyForDeploymentPostprocessing = 0;
		};
/* End PBXFrameworksBuildPhase section */

/* Begin PBXGroup section */
		8148B135275FB86E00562766 /* SelectBodyScreen */ = {
			isa = PBXGroup;
			children = (
				8148B136275FB8D000562766 /* SelectBodyAssembly.swift */,
				8148B138275FBA7500562766 /* SelectBodyViewController.swift */,
				8148B13A275FBC0200562766 /* SelectBodyPresenter.swift */,
				8148B13C275FBC7D00562766 /* SelectBodyRouter.swift */,
				8148B13E275FBEBB00562766 /* SelectBodyView.swift */,
			);
			path = SelectBodyScreen;
			sourceTree = "<group>";
		};
		815630812759305F008D0231 = {
			isa = PBXGroup;
			children = (
				8156308C2759305F008D0231 /* CarAppMobile */,
				8156308B2759305F008D0231 /* Products */,
			);
			sourceTree = "<group>";
		};
		8156308B2759305F008D0231 /* Products */ = {
			isa = PBXGroup;
			children = (
				8156308A2759305F008D0231 /* CarAppMobile.app */,
			);
			name = Products;
			sourceTree = "<group>";
		};
		8156308C2759305F008D0231 /* CarAppMobile */ = {
			isa = PBXGroup;
			children = (
				8148B135275FB86E00562766 /* SelectBodyScreen */,
				81B967AC275A4AC800BDBC86 /* SelectBrandScreen */,
				815630A4275934D0008D0231 /* Models */,
				815630A3275931A1008D0231 /* Resources */,
				815630A227593196008D0231 /* Storyboards */,
				815630A127593184008D0231 /* Supports */,
			);
			path = CarAppMobile;
			sourceTree = "<group>";
		};
		815630A127593184008D0231 /* Supports */ = {
			isa = PBXGroup;
			children = (
				8156308D2759305F008D0231 /* AppDelegate.swift */,
				8156308F2759305F008D0231 /* SceneDelegate.swift */,
				8156309B27593060008D0231 /* Info.plist */,
			);
			path = Supports;
			sourceTree = "<group>";
		};
		815630A227593196008D0231 /* Storyboards */ = {
			isa = PBXGroup;
			children = (
				8156309827593060008D0231 /* LaunchScreen.storyboard */,
			);
			path = Storyboards;
			sourceTree = "<group>";
		};
		815630A3275931A1008D0231 /* Resources */ = {
			isa = PBXGroup;
			children = (
				8156309627593060008D0231 /* Assets.xcassets */,
			);
			path = Resources;
			sourceTree = "<group>";
		};
		815630A4275934D0008D0231 /* Models */ = {
			isa = PBXGroup;
			children = (
				815630A5275934E9008D0231 /* CarModel.swift */,
				815630A72759350B008D0231 /* Car.swift */,
				815630A92759353E008D0231 /* CarBody.swift */,
				815630AB2759362F008D0231 /* CarBrand.swift */,
			);
			path = Models;
			sourceTree = "<group>";
		};
		81B967AC275A4AC800BDBC86 /* SelectBrandScreen */ = {
			isa = PBXGroup;
			children = (
				81B967AD275A4D5600BDBC86 /* SelectBrandAssembly.swift */,
				81B967AF275A4E2300BDBC86 /* SelectBrandPresenter.swift */,
				81B967B1275A4F5C00BDBC86 /* SelectBrandViewController.swift */,
				81B967B3275A530400BDBC86 /* SelectBrandView.swift */,
				81B967B5275A615C00BDBC86 /* CarBrandCell.swift */,
				814CC338275E7D7D00EB091D /* SelectBrandRouter.swift */,
			);
			path = SelectBrandScreen;
			sourceTree = "<group>";
		};
/* End PBXGroup section */

/* Begin PBXNativeTarget section */
		815630892759305F008D0231 /* CarAppMobile */ = {
			isa = PBXNativeTarget;
			buildConfigurationList = 8156309E27593060008D0231 /* Build configuration list for PBXNativeTarget "CarAppMobile" */;
			buildPhases = (
				815630862759305F008D0231 /* Sources */,
				815630872759305F008D0231 /* Frameworks */,
				815630882759305F008D0231 /* Resources */,
			);
			buildRules = (
			);
			dependencies = (
			);
			name = CarAppMobile;
			productName = CarAppMobile;
			productReference = 8156308A2759305F008D0231 /* CarAppMobile.app */;
			productType = "com.apple.product-type.application";
		};
/* End PBXNativeTarget section */

/* Begin PBXProject section */
		815630822759305F008D0231 /* Project object */ = {
			isa = PBXProject;
			attributes = {
				BuildIndependentTargetsInParallel = 1;
				LastSwiftUpdateCheck = 1310;
				LastUpgradeCheck = 1310;
				TargetAttributes = {
					815630892759305F008D0231 = {
						CreatedOnToolsVersion = 13.1;
					};
				};
			};
			buildConfigurationList = 815630852759305F008D0231 /* Build configuration list for PBXProject "CarAppMobile" */;
			compatibilityVersion = "Xcode 13.0";
			developmentRegion = en;
			hasScannedForEncodings = 0;
			knownRegions = (
				en,
				Base,
			);
			mainGroup = 815630812759305F008D0231;
			productRefGroup = 8156308B2759305F008D0231 /* Products */;
			projectDirPath = "";
			projectRoot = "";
			targets = (
				815630892759305F008D0231 /* CarAppMobile */,
			);
		};
/* End PBXProject section */

/* Begin PBXResourcesBuildPhase section */
		815630882759305F008D0231 /* Resources */ = {
			isa = PBXResourcesBuildPhase;
			buildActionMask = 2147483647;
			files = (
				8156309A27593060008D0231 /* LaunchScreen.storyboard in Resources */,
				8156309727593060008D0231 /* Assets.xcassets in Resources */,
			);
			runOnlyForDeploymentPostprocessing = 0;
		};
/* End PBXResourcesBuildPhase section */

/* Begin PBXSourcesBuildPhase section */
		815630862759305F008D0231 /* Sources */ = {
			isa = PBXSourcesBuildPhase;
			buildActionMask = 2147483647;
			files = (
				8148B13D275FBC7D00562766 /* SelectBodyRouter.swift in Sources */,
				81B967B4275A530400BDBC86 /* SelectBrandView.swift in Sources */,
				81B967B2275A4F5C00BDBC86 /* SelectBrandViewController.swift in Sources */,
				815630AC2759362F008D0231 /* CarBrand.swift in Sources */,
				8148B137275FB8D000562766 /* SelectBodyAssembly.swift in Sources */,
				81B967B0275A4E2300BDBC86 /* SelectBrandPresenter.swift in Sources */,
				81B967B6275A615C00BDBC86 /* CarBrandCell.swift in Sources */,
				815630A6275934E9008D0231 /* CarModel.swift in Sources */,
				8148B13B275FBC0200562766 /* SelectBodyPresenter.swift in Sources */,
				815630AA2759353E008D0231 /* CarBody.swift in Sources */,
				815630A82759350B008D0231 /* Car.swift in Sources */,
				8156308E2759305F008D0231 /* AppDelegate.swift in Sources */,
				815630902759305F008D0231 /* SceneDelegate.swift in Sources */,
				814CC339275E7D7D00EB091D /* SelectBrandRouter.swift in Sources */,
				8148B139275FBA7500562766 /* SelectBodyViewController.swift in Sources */,
				81B967AE275A4D5600BDBC86 /* SelectBrandAssembly.swift in Sources */,
				8148B13F275FBEBB00562766 /* SelectBodyView.swift in Sources */,
			);
			runOnlyForDeploymentPostprocessing = 0;
		};
/* End PBXSourcesBuildPhase section */

/* Begin PBXVariantGroup section */
		8156309827593060008D0231 /* LaunchScreen.storyboard */ = {
			isa = PBXVariantGroup;
			children = (
				8156309927593060008D0231 /* Base */,
			);
			name = LaunchScreen.storyboard;
			sourceTree = "<group>";
		};
/* End PBXVariantGroup section */

/* Begin XCBuildConfiguration section */
		8156309C27593060008D0231 /* Debug */ = {
			isa = XCBuildConfiguration;
			buildSettings = {
				ALWAYS_SEARCH_USER_PATHS = NO;
				CLANG_ANALYZER_NONNULL = YES;
				CLANG_ANALYZER_NUMBER_OBJECT_CONVERSION = YES_AGGRESSIVE;
				CLANG_CXX_LANGUAGE_STANDARD = "gnu++17";
				CLANG_CXX_LIBRARY = "libc++";
				CLANG_ENABLE_MODULES = YES;
				CLANG_ENABLE_OBJC_ARC = YES;
				CLANG_ENABLE_OBJC_WEAK = YES;
				CLANG_WARN_BLOCK_CAPTURE_AUTORELEASING = YES;
				CLANG_WARN_BOOL_CONVERSION = YES;
				CLANG_WARN_COMMA = YES;
				CLANG_WARN_CONSTANT_CONVERSION = YES;
				CLANG_WARN_DEPRECATED_OBJC_IMPLEMENTATIONS = YES;
				CLANG_WARN_DIRECT_OBJC_ISA_USAGE = YES_ERROR;
				CLANG_WARN_DOCUMENTATION_COMMENTS = YES;
				CLANG_WARN_EMPTY_BODY = YES;
				CLANG_WARN_ENUM_CONVERSION = YES;
				CLANG_WARN_INFINITE_RECURSION = YES;
				CLANG_WARN_INT_CONVERSION = YES;
				CLANG_WARN_NON_LITERAL_NULL_CONVERSION = YES;
				CLANG_WARN_OBJC_IMPLICIT_RETAIN_SELF = YES;
				CLANG_WARN_OBJC_LITERAL_CONVERSION = YES;
				CLANG_WARN_OBJC_ROOT_CLASS = YES_ERROR;
				CLANG_WARN_QUOTED_INCLUDE_IN_FRAMEWORK_HEADER = YES;
				CLANG_WARN_RANGE_LOOP_ANALYSIS = YES;
				CLANG_WARN_STRICT_PROTOTYPES = YES;
				CLANG_WARN_SUSPICIOUS_MOVE = YES;
				CLANG_WARN_UNGUARDED_AVAILABILITY = YES_AGGRESSIVE;
				CLANG_WARN_UNREACHABLE_CODE = YES;
				CLANG_WARN__DUPLICATE_METHOD_MATCH = YES;
				COPY_PHASE_STRIP = NO;
				DEBUG_INFORMATION_FORMAT = dwarf;
				ENABLE_STRICT_OBJC_MSGSEND = YES;
				ENABLE_TESTABILITY = YES;
				GCC_C_LANGUAGE_STANDARD = gnu11;
				GCC_DYNAMIC_NO_PIC = NO;
				GCC_NO_COMMON_BLOCKS = YES;
				GCC_OPTIMIZATION_LEVEL = 0;
				GCC_PREPROCESSOR_DEFINITIONS = (
					"DEBUG=1",
					"$(inherited)",
				);
				GCC_WARN_64_TO_32_BIT_CONVERSION = YES;
				GCC_WARN_ABOUT_RETURN_TYPE = YES_ERROR;
				GCC_WARN_UNDECLARED_SELECTOR = YES;
				GCC_WARN_UNINITIALIZED_AUTOS = YES_AGGRESSIVE;
				GCC_WARN_UNUSED_FUNCTION = YES;
				GCC_WARN_UNUSED_VARIABLE = YES;
				IPHONEOS_DEPLOYMENT_TARGET = 15.0;
				MTL_ENABLE_DEBUG_INFO = INCLUDE_SOURCE;
				MTL_FAST_MATH = YES;
				ONLY_ACTIVE_ARCH = YES;
				SDKROOT = iphoneos;
				SWIFT_ACTIVE_COMPILATION_CONDITIONS = DEBUG;
				SWIFT_OPTIMIZATION_LEVEL = "-Onone";
			};
			name = Debug;
		};
		8156309D27593060008D0231 /* Release */ = {
			isa = XCBuildConfiguration;
			buildSettings = {
				ALWAYS_SEARCH_USER_PATHS = NO;
				CLANG_ANALYZER_NONNULL = YES;
				CLANG_ANALYZER_NUMBER_OBJECT_CONVERSION = YES_AGGRESSIVE;
				CLANG_CXX_LANGUAGE_STANDARD = "gnu++17";
				CLANG_CXX_LIBRARY = "libc++";
				CLANG_ENABLE_MODULES = YES;
				CLANG_ENABLE_OBJC_ARC = YES;
				CLANG_ENABLE_OBJC_WEAK = YES;
				CLANG_WARN_BLOCK_CAPTURE_AUTORELEASING = YES;
				CLANG_WARN_BOOL_CONVERSION = YES;
				CLANG_WARN_COMMA = YES;
				CLANG_WARN_CONSTANT_CONVERSION = YES;
				CLANG_WARN_DEPRECATED_OBJC_IMPLEMENTATIONS = YES;
				CLANG_WARN_DIRECT_OBJC_ISA_USAGE = YES_ERROR;
				CLANG_WARN_DOCUMENTATION_COMMENTS = YES;
				CLANG_WARN_EMPTY_BODY = YES;
				CLANG_WARN_ENUM_CONVERSION = YES;
				CLANG_WARN_INFINITE_RECURSION = YES;
				CLANG_WARN_INT_CONVERSION = YES;
				CLANG_WARN_NON_LITERAL_NULL_CONVERSION = YES;
				CLANG_WARN_OBJC_IMPLICIT_RETAIN_SELF = YES;
				CLANG_WARN_OBJC_LITERAL_CONVERSION = YES;
				CLANG_WARN_OBJC_ROOT_CLASS = YES_ERROR;
				CLANG_WARN_QUOTED_INCLUDE_IN_FRAMEWORK_HEADER = YES;
				CLANG_WARN_RANGE_LOOP_ANALYSIS = YES;
				CLANG_WARN_STRICT_PROTOTYPES = YES;
				CLANG_WARN_SUSPICIOUS_MOVE = YES;
				CLANG_WARN_UNGUARDED_AVAILABILITY = YES_AGGRESSIVE;
				CLANG_WARN_UNREACHABLE_CODE = YES;
				CLANG_WARN__DUPLICATE_METHOD_MATCH = YES;
				COPY_PHASE_STRIP = NO;
				DEBUG_INFORMATION_FORMAT = "dwarf-with-dsym";
				ENABLE_NS_ASSERTIONS = NO;
				ENABLE_STRICT_OBJC_MSGSEND = YES;
				GCC_C_LANGUAGE_STANDARD = gnu11;
				GCC_NO_COMMON_BLOCKS = YES;
				GCC_WARN_64_TO_32_BIT_CONVERSION = YES;
				GCC_WARN_ABOUT_RETURN_TYPE = YES_ERROR;
				GCC_WARN_UNDECLARED_SELECTOR = YES;
				GCC_WARN_UNINITIALIZED_AUTOS = YES_AGGRESSIVE;
				GCC_WARN_UNUSED_FUNCTION = YES;
				GCC_WARN_UNUSED_VARIABLE = YES;
				IPHONEOS_DEPLOYMENT_TARGET = 15.0;
				MTL_ENABLE_DEBUG_INFO = NO;
				MTL_FAST_MATH = YES;
				SDKROOT = iphoneos;
				SWIFT_COMPILATION_MODE = wholemodule;
				SWIFT_OPTIMIZATION_LEVEL = "-O";
				VALIDATE_PRODUCT = YES;
			};
			name = Release;
		};
		8156309F27593060008D0231 /* Debug */ = {
			isa = XCBuildConfiguration;
			buildSettings = {
				ASSETCATALOG_COMPILER_APPICON_NAME = AppIcon;
				ASSETCATALOG_COMPILER_GLOBAL_ACCENT_COLOR_NAME = AccentColor;
				CODE_SIGN_STYLE = Automatic;
				CURRENT_PROJECT_VERSION = 1;
				DEVELOPMENT_TEAM = PWX4C5TRB6;
				GENERATE_INFOPLIST_FILE = YES;
				INFOPLIST_FILE = CarAppMobile/Supports/Info.plist;
				INFOPLIST_KEY_UIApplicationSupportsIndirectInputEvents = YES;
				INFOPLIST_KEY_UILaunchStoryboardName = LaunchScreen;
				INFOPLIST_KEY_UISupportedInterfaceOrientations_iPad = "UIInterfaceOrientationPortrait UIInterfaceOrientationPortraitUpsideDown UIInterfaceOrientationLandscapeLeft UIInterfaceOrientationLandscapeRight";
				INFOPLIST_KEY_UISupportedInterfaceOrientations_iPhone = "UIInterfaceOrientationPortrait UIInterfaceOrientationLandscapeLeft UIInterfaceOrientationLandscapeRight";
				LD_RUNPATH_SEARCH_PATHS = (
					"$(inherited)",
					"@executable_path/Frameworks",
				);
				MARKETING_VERSION = 1.0;
				PRODUCT_BUNDLE_IDENTIFIER = "Alex-Nifontov.CarAppMobile";
				PRODUCT_NAME = "$(TARGET_NAME)";
				SWIFT_EMIT_LOC_STRINGS = YES;
				SWIFT_VERSION = 5.0;
				TARGETED_DEVICE_FAMILY = "1,2";
			};
			name = Debug;
		};
		815630A027593060008D0231 /* Release */ = {
			isa = XCBuildConfiguration;
			buildSettings = {
				ASSETCATALOG_COMPILER_APPICON_NAME = AppIcon;
				ASSETCATALOG_COMPILER_GLOBAL_ACCENT_COLOR_NAME = AccentColor;
				CODE_SIGN_STYLE = Automatic;
				CURRENT_PROJECT_VERSION = 1;
				DEVELOPMENT_TEAM = PWX4C5TRB6;
				GENERATE_INFOPLIST_FILE = YES;
				INFOPLIST_FILE = CarAppMobile/Supports/Info.plist;
				INFOPLIST_KEY_UIApplicationSupportsIndirectInputEvents = YES;
				INFOPLIST_KEY_UILaunchStoryboardName = LaunchScreen;
				INFOPLIST_KEY_UISupportedInterfaceOrientations_iPad = "UIInterfaceOrientationPortrait UIInterfaceOrientationPortraitUpsideDown UIInterfaceOrientationLandscapeLeft UIInterfaceOrientationLandscapeRight";
				INFOPLIST_KEY_UISupportedInterfaceOrientations_iPhone = "UIInterfaceOrientationPortrait UIInterfaceOrientationLandscapeLeft UIInterfaceOrientationLandscapeRight";
				LD_RUNPATH_SEARCH_PATHS = (
					"$(inherited)",
					"@executable_path/Frameworks",
				);
				MARKETING_VERSION = 1.0;
				PRODUCT_BUNDLE_IDENTIFIER = "Alex-Nifontov.CarAppMobile";
				PRODUCT_NAME = "$(TARGET_NAME)";
				SWIFT_EMIT_LOC_STRINGS = YES;
				SWIFT_VERSION = 5.0;
				TARGETED_DEVICE_FAMILY = "1,2";
			};
			name = Release;
		};
/* End XCBuildConfiguration section */

/* Begin XCConfigurationList section */
		815630852759305F008D0231 /* Build configuration list for PBXProject "CarAppMobile" */ = {
			isa = XCConfigurationList;
			buildConfigurations = (
				8156309C27593060008D0231 /* Debug */,
				8156309D27593060008D0231 /* Release */,
			);
			defaultConfigurationIsVisible = 0;
			defaultConfigurationName = Release;
		};
		8156309E27593060008D0231 /* Build configuration list for PBXNativeTarget "CarAppMobile" */ = {
			isa = XCConfigurationList;
			buildConfigurations = (
				8156309F27593060008D0231 /* Debug */,
				815630A027593060008D0231 /* Release */,
			);
			defaultConfigurationIsVisible = 0;
			defaultConfigurationName = Release;
		};
/* End XCConfigurationList section */
	};
	rootObject = 815630822759305F008D0231 /* Project object */;
}
